
Microsoft Visual Studio Solution File, Format Version 12.00
# Visual Studio Version 17
VisualStudioVersion = 17.11.35303.130
MinimumVisualStudioVersion = 10.0.40219.1
Project("{2150E333-8FDC-42A3-9474-1A3956D46DE8}") = "Task0", "Task0", "{26FA63C4-00C8-466A-947F-5BAC2EF0B7A4}"
EndProject
Project("{9A19103F-16F7-4668-BE54-9A1E7A4F7556}") = "Tyuiu.GulahmedovTE.Sprint5.Task0.V26", "Tyuiu.GulahmedovTE.Sprint5.Task0.V26\Tyuiu.GulahmedovTE.Sprint5.Task0.V26.csproj", "{8B52A46D-8972-4404-AD75-FC34E80076AD}"
EndProject
Project("{9A19103F-16F7-4668-BE54-9A1E7A4F7556}") = "Tyuiu.GulahmedovTE.Sprint5.Task0.V26.Lib", "Tyuiu.GulahmedovTE.Sprint5.Task0.V26.Lib\Tyuiu.GulahmedovTE.Sprint5.Task0.V26.Lib.csproj", "{BB2297AF-74A9-441E-840A-1F87E4D7A52F}"
EndProject
Project("{9A19103F-16F7-4668-BE54-9A1E7A4F7556}") = "Tyuiu.GulahmedovTE.Sprint5.Task0.V26.Test", "Tyuiu.GulahmedovTE.Sprint5.Task0.V26.Test\Tyuiu.GulahmedovTE.Sprint5.Task0.V26.Test.csproj", "{CB81DF75-B9D5-489E-8357-12717057CB6F}"
EndProject
Project("{2150E333-8FDC-42A3-9474-1A3956D46DE8}") = "Task1", "Task1", "{50E27700-C85D-4776-BB71-8273BD0FE9E3}"
EndProject
Project("{9A19103F-16F7-4668-BE54-9A1E7A4F7556}") = "Tyuiu.GulahmedovTE.Sprint5.Task1.V30.Test", "Tyuiu.GulahmedovTE.Sprint5.Task1.V30.Test\Tyuiu.GulahmedovTE.Sprint5.Task1.V30.Test.csproj", "{89FCF363-3A17-4836-B679-2B62F3872AEA}"
EndProject
Project("{9A19103F-16F7-4668-BE54-9A1E7A4F7556}") = "Tyuiu.GulahmedovTE.Sprint5.Task1.V30.Lib", "Tyuiu.GulahmedovTE.Sprint5.Task1.V30.Lib\Tyuiu.GulahmedovTE.Sprint5.Task1.V30.Lib.csproj", "{B1F8F1FF-239B-4CCD-AEA0-5E069BBE1FD2}"
EndProject
Project("{9A19103F-16F7-4668-BE54-9A1E7A4F7556}") = "Tyuiu.GulahmedovTE.Sprint5.Task1.V30", "Tyuiu.GulahmedovTE.Sprint5.Task1.V30\Tyuiu.GulahmedovTE.Sprint5.Task1.V30.csproj", "{D3EE86BA-D61E-4F11-9152-5DC46AF372CB}"
EndProject
Project("{2150E333-8FDC-42A3-9474-1A3956D46DE8}") = "Task2", "Task2", "{2B3D2C19-1D8C-4B1D-81AC-31AF4B3D6373}"
EndProject
Project("{9A19103F-16F7-4668-BE54-9A1E7A4F7556}") = "Tyuiu.GulahmedovTE.Sprint5.Task2.V26", "Tyuiu.GulahmedovTE.Sprint5.Task2.V26\Tyuiu.GulahmedovTE.Sprint5.Task2.V26.csproj", "{FF017D97-2E4D-4840-A30B-A4B0F7A32977}"
EndProject
Project("{9A19103F-16F7-4668-BE54-9A1E7A4F7556}") = "Tyuiu.GulahmedovTE.Sprint5.Task2.V26.Lib", "Tyuiu.GulahmedovTE.Sprint5.Task2.V26.Lib\Tyuiu.GulahmedovTE.Sprint5.Task2.V26.Lib.csproj", "{459E8F53-C4EB-4135-86EC-36BE18089A68}"
EndProject
Project("{9A19103F-16F7-4668-BE54-9A1E7A4F7556}") = "Tyuiu.GulahmedovTE.Sprint5.Task2.V26.Test", "Tyuiu.GulahmedovTE.Sprint5.Task2.V26.Test\Tyuiu.GulahmedovTE.Sprint5.Task2.V26.Test.csproj", "{1C1544F4-E0D6-45D0-90E6-ECD17B218C6F}"
EndProject
Project("{2150E333-8FDC-42A3-9474-1A3956D46DE8}") = "Task3", "Task3", "{267DC538-5F84-46C4-B0B1-F5E34F72A65F}"
EndProject
Project("{9A19103F-16F7-4668-BE54-9A1E7A4F7556}") = "Tyuiu.GulahmedovTE.Sprint5.Task3.V25.Test", "Tyuiu.GulahmedovTE.Sprint5.Task3.V25.Test\Tyuiu.GulahmedovTE.Sprint5.Task3.V25.Test.csproj", "{CD3D722A-C197-49C8-8685-57F13C479BF2}"
EndProject
Project("{9A19103F-16F7-4668-BE54-9A1E7A4F7556}") = "Tyuiu.GulahmedovTE.Sprint5.Task3.V25.Lib", "Tyuiu.GulahmedovTE.Sprint5.Task3.V25.Lib\Tyuiu.GulahmedovTE.Sprint5.Task3.V25.Lib.csproj", "{DFCA01FF-CDC4-4BC8-B2CE-113D72712AD8}"
EndProject
Project("{9A19103F-16F7-4668-BE54-9A1E7A4F7556}") = "Tyuiu.GulahmedovTE.Sprint5.Task3.V25", "Tyuiu.GulahmedovTE.Sprint5.Task3.V25\Tyuiu.GulahmedovTE.Sprint5.Task3.V25.csproj", "{9F699A53-D62D-4A77-BB95-F939CF427D72}"
EndProject
Project("{2150E333-8FDC-42A3-9474-1A3956D46DE8}") = "Task4", "Task4", "{B7943065-D845-4FB7-A800-A8869B3B66D2}"
EndProject
Project("{9A19103F-16F7-4668-BE54-9A1E7A4F7556}") = "Tyuiu.GulahmedovTE.Sprint5.Task4.V17", "Tyuiu.GulahmedovTE.Sprint5.Task4.V17\Tyuiu.GulahmedovTE.Sprint5.Task4.V17.csproj", "{A8587BDF-3206-4586-B23D-5A8715B78F78}"
EndProject
Project("{9A19103F-16F7-4668-BE54-9A1E7A4F7556}") = "Tyuiu.GulahmedovTE.Sprint5.Task4.V17.Lib", "Tyuiu.GulahmedovTE.Sprint5.Task4.V17.Lib\Tyuiu.GulahmedovTE.Sprint5.Task4.V17.Lib.csproj", "{CC097D70-3622-4E91-B2B6-12B3C2DE6FED}"
EndProject
Project("{9A19103F-16F7-4668-BE54-9A1E7A4F7556}") = "Tyuiu.GulahmedovTE.Sprint5.Task4.V17.Test", "Tyuiu.GulahmedovTE.Sprint5.Task4.V17.Test\Tyuiu.GulahmedovTE.Sprint5.Task4.V17.Test.csproj", "{C48F167E-29AF-4B7A-8D1B-CA96ABC8B46B}"
EndProject
Project("{2150E333-8FDC-42A3-9474-1A3956D46DE8}") = "Task5", "Task5", "{712B9AF9-A083-4A80-9C55-BE4368195894}"
EndProject
Project("{FAE04EC0-301F-11D3-BF4B-00C04F79EFBC}") = "Tyuiu.GulahmedovTE.Sprint5.Task5.V24.Test", "Tyuiu.GulahmedovTE.Sprint5.Task5.V24.Test\Tyuiu.GulahmedovTE.Sprint5.Task5.V24.Test.csproj", "{7CB187C8-8302-4121-8100-9FEE15B451AE}"
EndProject
Project("{FAE04EC0-301F-11D3-BF4B-00C04F79EFBC}") = "Tyuiu.GulahmedovTE.Sprint5.Task5.V24.Lib", "Tyuiu.GulahmedovTE.Sprint5.Task5.V24.Lib\Tyuiu.GulahmedovTE.Sprint5.Task5.V24.Lib.csproj", "{611B7F49-C8F6-404E-A5E4-34E6B3FFE769}"
EndProject
Project("{FAE04EC0-301F-11D3-BF4B-00C04F79EFBC}") = "Tyuiu.GulahmedovTE.Sprint5.Task5.V24", "Tyuiu.GulahmedovTE.Sprint5.Task5.V24\Tyuiu.GulahmedovTE.Sprint5.Task5.V24.csproj", "{2A4F0E52-68EA-4825-B8D0-C6664A8B9BF7}"
EndProject
Global
	GlobalSection(SolutionConfigurationPlatforms) = preSolution
		Debug|Any CPU = Debug|Any CPU
		Release|Any CPU = Release|Any CPU
	EndGlobalSection
	GlobalSection(ProjectConfigurationPlatforms) = postSolution
		{8B52A46D-8972-4404-AD75-FC34E80076AD}.Debug|Any CPU.ActiveCfg = Debug|Any CPU
		{8B52A46D-8972-4404-AD75-FC34E80076AD}.Debug|Any CPU.Build.0 = Debug|Any CPU
		{8B52A46D-8972-4404-AD75-FC34E80076AD}.Release|Any CPU.ActiveCfg = Release|Any CPU
		{8B52A46D-8972-4404-AD75-FC34E80076AD}.Release|Any CPU.Build.0 = Release|Any CPU
		{BB2297AF-74A9-441E-840A-1F87E4D7A52F}.Debug|Any CPU.ActiveCfg = Debug|Any CPU
		{BB2297AF-74A9-441E-840A-1F87E4D7A52F}.Debug|Any CPU.Build.0 = Debug|Any CPU
		{BB2297AF-74A9-441E-840A-1F87E4D7A52F}.Release|Any CPU.ActiveCfg = Release|Any CPU
		{BB2297AF-74A9-441E-840A-1F87E4D7A52F}.Release|Any CPU.Build.0 = Release|Any CPU
		{CB81DF75-B9D5-489E-8357-12717057CB6F}.Debug|Any CPU.ActiveCfg = Debug|Any CPU
		{CB81DF75-B9D5-489E-8357-12717057CB6F}.Debug|Any CPU.Build.0 = Debug|Any CPU
		{CB81DF75-B9D5-489E-8357-12717057CB6F}.Release|Any CPU.ActiveCfg = Release|Any CPU
		{CB81DF75-B9D5-489E-8357-12717057CB6F}.Release|Any CPU.Build.0 = Release|Any CPU
		{89FCF363-3A17-4836-B679-2B62F3872AEA}.Debug|Any CPU.ActiveCfg = Debug|Any CPU
		{89FCF363-3A17-4836-B679-2B62F3872AEA}.Debug|Any CPU.Build.0 = Debug|Any CPU
		{89FCF363-3A17-4836-B679-2B62F3872AEA}.Release|Any CPU.ActiveCfg = Release|Any CPU
		{89FCF363-3A17-4836-B679-2B62F3872AEA}.Release|Any CPU.Build.0 = Release|Any CPU
		{B1F8F1FF-239B-4CCD-AEA0-5E069BBE1FD2}.Debug|Any CPU.ActiveCfg = Debug|Any CPU
		{B1F8F1FF-239B-4CCD-AEA0-5E069BBE1FD2}.Debug|Any CPU.Build.0 = Debug|Any CPU
		{B1F8F1FF-239B-4CCD-AEA0-5E069BBE1FD2}.Release|Any CPU.ActiveCfg = Release|Any CPU
		{B1F8F1FF-239B-4CCD-AEA0-5E069BBE1FD2}.Release|Any CPU.Build.0 = Release|Any CPU
		{D3EE86BA-D61E-4F11-9152-5DC46AF372CB}.Debug|Any CPU.ActiveCfg = Debug|Any CPU
		{D3EE86BA-D61E-4F11-9152-5DC46AF372CB}.Debug|Any CPU.Build.0 = Debug|Any CPU
		{D3EE86BA-D61E-4F11-9152-5DC46AF372CB}.Release|Any CPU.ActiveCfg = Release|Any CPU
		{D3EE86BA-D61E-4F11-9152-5DC46AF372CB}.Release|Any CPU.Build.0 = Release|Any CPU
		{FF017D97-2E4D-4840-A30B-A4B0F7A32977}.Debug|Any CPU.ActiveCfg = Debug|Any CPU
		{FF017D97-2E4D-4840-A30B-A4B0F7A32977}.Debug|Any CPU.Build.0 = Debug|Any CPU
		{FF017D97-2E4D-4840-A30B-A4B0F7A32977}.Release|Any CPU.ActiveCfg = Release|Any CPU
		{FF017D97-2E4D-4840-A30B-A4B0F7A32977}.Release|Any CPU.Build.0 = Release|Any CPU
		{459E8F53-C4EB-4135-86EC-36BE18089A68}.Debug|Any CPU.ActiveCfg = Debug|Any CPU
		{459E8F53-C4EB-4135-86EC-36BE18089A68}.Debug|Any CPU.Build.0 = Debug|Any CPU
		{459E8F53-C4EB-4135-86EC-36BE18089A68}.Release|Any CPU.ActiveCfg = Release|Any CPU
		{459E8F53-C4EB-4135-86EC-36BE18089A68}.Release|Any CPU.Build.0 = Release|Any CPU
		{1C1544F4-E0D6-45D0-90E6-ECD17B218C6F}.Debug|Any CPU.ActiveCfg = Debug|Any CPU
		{1C1544F4-E0D6-45D0-90E6-ECD17B218C6F}.Debug|Any CPU.Build.0 = Debug|Any CPU
		{1C1544F4-E0D6-45D0-90E6-ECD17B218C6F}.Release|Any CPU.ActiveCfg = Release|Any CPU
		{1C1544F4-E0D6-45D0-90E6-ECD17B218C6F}.Release|Any CPU.Build.0 = Release|Any CPU
		{CD3D722A-C197-49C8-8685-57F13C479BF2}.Debug|Any CPU.ActiveCfg = Debug|Any CPU
		{CD3D722A-C197-49C8-8685-57F13C479BF2}.Debug|Any CPU.Build.0 = Debug|Any CPU
		{CD3D722A-C197-49C8-8685-57F13C479BF2}.Release|Any CPU.ActiveCfg = Release|Any CPU
		{CD3D722A-C197-49C8-8685-57F13C479BF2}.Release|Any CPU.Build.0 = Release|Any CPU
		{DFCA01FF-CDC4-4BC8-B2CE-113D72712AD8}.Debug|Any CPU.ActiveCfg = Debug|Any CPU
		{DFCA01FF-CDC4-4BC8-B2CE-113D72712AD8}.Debug|Any CPU.Build.0 = Debug|Any CPU
		{DFCA01FF-CDC4-4BC8-B2CE-113D72712AD8}.Release|Any CPU.ActiveCfg = Release|Any CPU
		{DFCA01FF-CDC4-4BC8-B2CE-113D72712AD8}.Release|Any CPU.Build.0 = Release|Any CPU
		{9F699A53-D62D-4A77-BB95-F939CF427D72}.Debug|Any CPU.ActiveCfg = Debug|Any CPU
		{9F699A53-D62D-4A77-BB95-F939CF427D72}.Debug|Any CPU.Build.0 = Debug|Any CPU
		{9F699A53-D62D-4A77-BB95-F939CF427D72}.Release|Any CPU.ActiveCfg = Release|Any CPU
		{9F699A53-D62D-4A77-BB95-F939CF427D72}.Release|Any CPU.Build.0 = Release|Any CPU
		{A8587BDF-3206-4586-B23D-5A8715B78F78}.Debug|Any CPU.ActiveCfg = Debug|Any CPU
		{A8587BDF-3206-4586-B23D-5A8715B78F78}.Debug|Any CPU.Build.0 = Debug|Any CPU
		{A8587BDF-3206-4586-B23D-5A8715B78F78}.Release|Any CPU.ActiveCfg = Release|Any CPU
		{A8587BDF-3206-4586-B23D-5A8715B78F78}.Release|Any CPU.Build.0 = Release|Any CPU
		{CC097D70-3622-4E91-B2B6-12B3C2DE6FED}.Debug|Any CPU.ActiveCfg = Debug|Any CPU
		{CC097D70-3622-4E91-B2B6-12B3C2DE6FED}.Debug|Any CPU.Build.0 = Debug|Any CPU
		{CC097D70-3622-4E91-B2B6-12B3C2DE6FED}.Release|Any CPU.ActiveCfg = Release|Any CPU
		{CC097D70-3622-4E91-B2B6-12B3C2DE6FED}.Release|Any CPU.Build.0 = Release|Any CPU
		{C48F167E-29AF-4B7A-8D1B-CA96ABC8B46B}.Debug|Any CPU.ActiveCfg = Debug|Any CPU
		{C48F167E-29AF-4B7A-8D1B-CA96ABC8B46B}.Debug|Any CPU.Build.0 = Debug|Any CPU
		{C48F167E-29AF-4B7A-8D1B-CA96ABC8B46B}.Release|Any CPU.ActiveCfg = Release|Any CPU
		{C48F167E-29AF-4B7A-8D1B-CA96ABC8B46B}.Release|Any CPU.Build.0 = Release|Any CPU
		{7CB187C8-8302-4121-8100-9FEE15B451AE}.Debug|Any CPU.ActiveCfg = Debug|Any CPU
		{7CB187C8-8302-4121-8100-9FEE15B451AE}.Debug|Any CPU.Build.0 = Debug|Any CPU
		{7CB187C8-8302-4121-8100-9FEE15B451AE}.Release|Any CPU.ActiveCfg = Release|Any CPU
		{7CB187C8-8302-4121-8100-9FEE15B451AE}.Release|Any CPU.Build.0 = Release|Any CPU
		{611B7F49-C8F6-404E-A5E4-34E6B3FFE769}.Debug|Any CPU.ActiveCfg = Debug|Any CPU
		{611B7F49-C8F6-404E-A5E4-34E6B3FFE769}.Debug|Any CPU.Build.0 = Debug|Any CPU
		{611B7F49-C8F6-404E-A5E4-34E6B3FFE769}.Release|Any CPU.ActiveCfg = Release|Any CPU
		{611B7F49-C8F6-404E-A5E4-34E6B3FFE769}.Release|Any CPU.Build.0 = Release|Any CPU
		{2A4F0E52-68EA-4825-B8D0-C6664A8B9BF7}.Debug|Any CPU.ActiveCfg = Debug|Any CPU
		{2A4F0E52-68EA-4825-B8D0-C6664A8B9BF7}.Debug|Any CPU.Build.0 = Debug|Any CPU
		{2A4F0E52-68EA-4825-B8D0-C6664A8B9BF7}.Release|Any CPU.ActiveCfg = Release|Any CPU
		{2A4F0E52-68EA-4825-B8D0-C6664A8B9BF7}.Release|Any CPU.Build.0 = Release|Any CPU
	EndGlobalSection
	GlobalSection(SolutionProperties) = preSolution
		HideSolutionNode = FALSE
	EndGlobalSection
	GlobalSection(NestedProjects) = preSolution
		{8B52A46D-8972-4404-AD75-FC34E80076AD} = {26FA63C4-00C8-466A-947F-5BAC2EF0B7A4}
		{BB2297AF-74A9-441E-840A-1F87E4D7A52F} = {26FA63C4-00C8-466A-947F-5BAC2EF0B7A4}
		{CB81DF75-B9D5-489E-8357-12717057CB6F} = {26FA63C4-00C8-466A-947F-5BAC2EF0B7A4}
		{89FCF363-3A17-4836-B679-2B62F3872AEA} = {50E27700-C85D-4776-BB71-8273BD0FE9E3}
		{B1F8F1FF-239B-4CCD-AEA0-5E069BBE1FD2} = {50E27700-C85D-4776-BB71-8273BD0FE9E3}
		{D3EE86BA-D61E-4F11-9152-5DC46AF372CB} = {50E27700-C85D-4776-BB71-8273BD0FE9E3}
		{FF017D97-2E4D-4840-A30B-A4B0F7A32977} = {2B3D2C19-1D8C-4B1D-81AC-31AF4B3D6373}
		{459E8F53-C4EB-4135-86EC-36BE18089A68} = {2B3D2C19-1D8C-4B1D-81AC-31AF4B3D6373}
		{1C1544F4-E0D6-45D0-90E6-ECD17B218C6F} = {2B3D2C19-1D8C-4B1D-81AC-31AF4B3D6373}
		{CD3D722A-C197-49C8-8685-57F13C479BF2} = {267DC538-5F84-46C4-B0B1-F5E34F72A65F}
		{DFCA01FF-CDC4-4BC8-B2CE-113D72712AD8} = {267DC538-5F84-46C4-B0B1-F5E34F72A65F}
		{9F699A53-D62D-4A77-BB95-F939CF427D72} = {267DC538-5F84-46C4-B0B1-F5E34F72A65F}
		{A8587BDF-3206-4586-B23D-5A8715B78F78} = {B7943065-D845-4FB7-A800-A8869B3B66D2}
		{CC097D70-3622-4E91-B2B6-12B3C2DE6FED} = {B7943065-D845-4FB7-A800-A8869B3B66D2}
		{C48F167E-29AF-4B7A-8D1B-CA96ABC8B46B} = {B7943065-D845-4FB7-A800-A8869B3B66D2}
		{7CB187C8-8302-4121-8100-9FEE15B451AE} = {712B9AF9-A083-4A80-9C55-BE4368195894}
		{611B7F49-C8F6-404E-A5E4-34E6B3FFE769} = {712B9AF9-A083-4A80-9C55-BE4368195894}
		{2A4F0E52-68EA-4825-B8D0-C6664A8B9BF7} = {712B9AF9-A083-4A80-9C55-BE4368195894}
	EndGlobalSection
	GlobalSection(ExtensibilityGlobals) = postSolution
		SolutionGuid = {537CEEEA-80A6-423D-8F85-83B9DC836EA6}
	EndGlobalSection
EndGlobal
